
Microsoft Visual Studio Solution File, Format Version 12.00
# Visual Studio Version 17
VisualStudioVersion = 17.3.32819.101
MinimumVisualStudioVersion = 10.0.40219.1
Project("{FAE04EC0-301F-11D3-BF4B-00C04F79EFBC}") = "HotelListing", "HotelListing\HotelListing.csproj", "{3E2C86E4-C80C-42FC-8AF0-18CC9F541839}"
EndProject
Global
	GlobalSection(SolutionConfigurationPlatforms) = preSolution
		Debug|Any CPU = Debug|Any CPU
		Release|Any CPU = Release|Any CPU
	EndGlobalSection
	GlobalSection(ProjectConfigurationPlatforms) = postSolution
		{3E2C86E4-C80C-42FC-8AF0-18CC9F541839}.Debug|Any CPU.ActiveCfg = Debug|Any CPU
		{3E2C86E4-C80C-42FC-8AF0-18CC9F541839}.Debug|Any CPU.Build.0 = Debug|Any CPU
		{3E2C86E4-C80C-42FC-8AF0-18CC9F541839}.Release|Any CPU.ActiveCfg = Release|Any CPU
		{3E2C86E4-C80C-42FC-8AF0-18CC9F541839}.Release|Any CPU.Build.0 = Release|Any CPU
	EndGlobalSection
	GlobalSection(SolutionProperties) = preSolution
		HideSolutionNode = FALSE
	EndGlobalSection
	GlobalSection(ExtensibilityGlobals) = postSolution
		SolutionGuid = {B67AA348-0B72-414D-9976-6F97CE166B8A}
	EndGlobalSection
EndGlobal
